
Microsoft Visual Studio Solution File, Format Version 12.00
# Visual Studio 15
VisualStudioVersion = 15.0.28307.421
MinimumVisualStudioVersion = 10.0.40219.1
Project("{FAE04EC0-301F-11D3-BF4B-00C04F79EFBC}") = "Zad.2 lista6", "Zad.2 lista6\Zad.2 lista6.csproj", "{017FCD83-6AFB-42DA-AC69-221AA4D2F494}"
EndProject
Global
	GlobalSection(SolutionConfigurationPlatforms) = preSolution
		Debug|Any CPU = Debug|Any CPU
		Release|Any CPU = Release|Any CPU
	EndGlobalSection
	GlobalSection(ProjectConfigurationPlatforms) = postSolution
		{017FCD83-6AFB-42DA-AC69-221AA4D2F494}.Debug|Any CPU.ActiveCfg = Debug|Any CPU
		{017FCD83-6AFB-42DA-AC69-221AA4D2F494}.Debug|Any CPU.Build.0 = Debug|Any CPU
		{017FCD83-6AFB-42DA-AC69-221AA4D2F494}.Release|Any CPU.ActiveCfg = Release|Any CPU
		{017FCD83-6AFB-42DA-AC69-221AA4D2F494}.Release|Any CPU.Build.0 = Release|Any CPU
	EndGlobalSection
	GlobalSection(SolutionProperties) = preSolution
		HideSolutionNode = FALSE
	EndGlobalSection
	GlobalSection(ExtensibilityGlobals) = postSolution
		SolutionGuid = {EFC0B745-66F7-4EFC-9F49-361DD6D4DA5F}
	EndGlobalSection
EndGlobal
